
Microsoft Visual Studio Solution File, Format Version 12.00
# Visual Studio Version 16
VisualStudioVersion = 16.0.32126.315
MinimumVisualStudioVersion = 10.0.40219.1
Project("{FAE04EC0-301F-11D3-BF4B-00C04F79EFBC}") = "Les3SwitchCases", "Les3SwitchCases\Les3SwitchCases.csproj", "{C34641F6-8686-48F3-A923-0F0A9E4C46FA}"
EndProject
Global
	GlobalSection(SolutionConfigurationPlatforms) = preSolution
		Debug|Any CPU = Debug|Any CPU
		Release|Any CPU = Release|Any CPU
	EndGlobalSection
	GlobalSection(ProjectConfigurationPlatforms) = postSolution
		{C34641F6-8686-48F3-A923-0F0A9E4C46FA}.Debug|Any CPU.ActiveCfg = Debug|Any CPU
		{C34641F6-8686-48F3-A923-0F0A9E4C46FA}.Debug|Any CPU.Build.0 = Debug|Any CPU
		{C34641F6-8686-48F3-A923-0F0A9E4C46FA}.Release|Any CPU.ActiveCfg = Release|Any CPU
		{C34641F6-8686-48F3-A923-0F0A9E4C46FA}.Release|Any CPU.Build.0 = Release|Any CPU
	EndGlobalSection
	GlobalSection(SolutionProperties) = preSolution
		HideSolutionNode = FALSE
	EndGlobalSection
	GlobalSection(ExtensibilityGlobals) = postSolution
		SolutionGuid = {A7598460-FF09-4CF8-B4B8-51C647127D8B}
	EndGlobalSection
EndGlobal
