
Microsoft Visual Studio Solution File, Format Version 12.00
# Visual Studio Version 16
VisualStudioVersion = 16.0.32126.315
MinimumVisualStudioVersion = 10.0.40219.1
Project("{FAE04EC0-301F-11D3-BF4B-00C04F79EFBC}") = "Les1FunctiesReturn", "Les1FunctiesReturn\Les1FunctiesReturn.csproj", "{DB21C105-0A90-43C8-9F0D-1C546E2D4E43}"
EndProject
Global
	GlobalSection(SolutionConfigurationPlatforms) = preSolution
		Debug|Any CPU = Debug|Any CPU
		Release|Any CPU = Release|Any CPU
	EndGlobalSection
	GlobalSection(ProjectConfigurationPlatforms) = postSolution
		{DB21C105-0A90-43C8-9F0D-1C546E2D4E43}.Debug|Any CPU.ActiveCfg = Debug|Any CPU
		{DB21C105-0A90-43C8-9F0D-1C546E2D4E43}.Debug|Any CPU.Build.0 = Debug|Any CPU
		{DB21C105-0A90-43C8-9F0D-1C546E2D4E43}.Release|Any CPU.ActiveCfg = Release|Any CPU
		{DB21C105-0A90-43C8-9F0D-1C546E2D4E43}.Release|Any CPU.Build.0 = Release|Any CPU
	EndGlobalSection
	GlobalSection(SolutionProperties) = preSolution
		HideSolutionNode = FALSE
	EndGlobalSection
	GlobalSection(ExtensibilityGlobals) = postSolution
		SolutionGuid = {7FF3F4E9-CAE9-494D-B602-B18264B8A675}
	EndGlobalSection
EndGlobal
