
Microsoft Visual Studio Solution File, Format Version 12.00
# Visual Studio Version 16
VisualStudioVersion = 16.0.32126.315
MinimumVisualStudioVersion = 10.0.40219.1
Project("{FAE04EC0-301F-11D3-BF4B-00C04F79EFBC}") = "Les2Loops", "Les2Loops\Les2Loops.csproj", "{A8D50E5A-C637-4366-96FD-BB040BEEC9E7}"
EndProject
Global
	GlobalSection(SolutionConfigurationPlatforms) = preSolution
		Debug|Any CPU = Debug|Any CPU
		Release|Any CPU = Release|Any CPU
	EndGlobalSection
	GlobalSection(ProjectConfigurationPlatforms) = postSolution
		{A8D50E5A-C637-4366-96FD-BB040BEEC9E7}.Debug|Any CPU.ActiveCfg = Debug|Any CPU
		{A8D50E5A-C637-4366-96FD-BB040BEEC9E7}.Debug|Any CPU.Build.0 = Debug|Any CPU
		{A8D50E5A-C637-4366-96FD-BB040BEEC9E7}.Release|Any CPU.ActiveCfg = Release|Any CPU
		{A8D50E5A-C637-4366-96FD-BB040BEEC9E7}.Release|Any CPU.Build.0 = Release|Any CPU
	EndGlobalSection
	GlobalSection(SolutionProperties) = preSolution
		HideSolutionNode = FALSE
	EndGlobalSection
	GlobalSection(ExtensibilityGlobals) = postSolution
		SolutionGuid = {83AD77F0-F10D-4A75-AE31-EAA447E39213}
	EndGlobalSection
EndGlobal
